{
  "lockfileVersion": 1,
  "workspaces": {
    "": {
      "dependencies": {
        "@duckdb/node-api": "^1.2.0-alpha.14",
      },
    },
  },
  "packages": {
    "@duckdb/node-api": ["@duckdb/node-api@1.2.0-alpha.14", "", { "dependencies": { "@duckdb/node-bindings": "1.2.0-alpha.14" } }, "sha512-emLbLac4DuKbQO4q3Aafsn//OQbe8lMiLxxzgKPz/tgRzyOWYdiowissfWwVbhJ/JNy8Us5W+oFcGRSUWm7saA=="],

    "@duckdb/node-bindings": ["@duckdb/node-bindings@1.2.0-alpha.14", "", { "optionalDependencies": { "@duckdb/node-bindings-darwin-arm64": "1.2.0-alpha.14", "@duckdb/node-bindings-darwin-x64": "1.2.0-alpha.14", "@duckdb/node-bindings-linux-arm64": "1.2.0-alpha.14", "@duckdb/node-bindings-linux-x64": "1.2.0-alpha.14", "@duckdb/node-bindings-win32-x64": "1.2.0-alpha.14" } }, "sha512-S6L2JRnuC6yqMYgPUW81fnpFEMtbnFBHil/hXafAMKlZs3093NNAKTikU2H1sMQVDUKhAluPOaJ2AAs1k1Ixbw=="],

    "@duckdb/node-bindings-darwin-arm64": ["@duckdb/node-bindings-darwin-arm64@1.2.0-alpha.14", "", { "os": "darwin", "cpu": "arm64" }, "sha512-DUnWLs+r5ePntaxld+mk/lxDwIT8PBrXY8yMnzb5HTWSFdcHWF2UIeuMhLFgVcyQnm7r5pRjd36XeffMQPVFGQ=="],

    "@duckdb/node-bindings-darwin-x64": ["@duckdb/node-bindings-darwin-x64@1.2.0-alpha.14", "", { "os": "darwin", "cpu": "x64" }, "sha512-RqzFF/4yZseNAK6dv3kNL+YUgkTsqFrLTAmgG65YTN8YWHv5VYBtb9NKETb5gZi9GVQ4+d5cc5tuKOXXPRhB3w=="],

    "@duckdb/node-bindings-linux-arm64": ["@duckdb/node-bindings-linux-arm64@1.2.0-alpha.14", "", { "os": "linux", "cpu": "arm64" }, "sha512-1EcGTDiwtas0eJeFWmzZsKqHCDBrt1TBPnL2il9s9mKYYcbBYkwtsVCgtO5BH8XmgNEM4WxVfGtR6KwJ90ymoA=="],

    "@duckdb/node-bindings-linux-x64": ["@duckdb/node-bindings-linux-x64@1.2.0-alpha.14", "", { "os": "linux", "cpu": "x64" }, "sha512-B9EfSZosrMhFVdgi3WKV854Vj8tnE4ywW3aXqNQ73qLZ4gBnKdiZYXdpt9Eed4qJv4cvQ4PWege3TThD/SOv8A=="],

    "@duckdb/node-bindings-win32-x64": ["@duckdb/node-bindings-win32-x64@1.2.0-alpha.14", "", { "os": "win32", "cpu": "x64" }, "sha512-v565LwMjVoV4Tn/D2RazmQhesKnl3cUHO/VXP1gS46sLsEdXMkNjDUNa4RiGy0LCWT+SPKsaAex8BJoPHXVTMg=="],
  }
}
