{
  "version": "4",
  "specifiers": {
    "jsr:@std/dotenv@*": "0.225.3",
    "npm:@duckdb/node-api@^1.2.0-alpha.13": "1.2.0-alpha.13"
  },
  "jsr": {
    "@std/dotenv@0.225.3": {
      "integrity": "a95e5b812c27b0854c52acbae215856d9cce9d4bbf774d938c51d212711e8d4a"
    }
  },
  "npm": {
    "@duckdb/node-api@1.2.0-alpha.13": {
      "integrity": "sha512-O6Dy9uEu0FQdBO18ihG+x0HVOv4+dGaB4nCZ5vF1ay6E9x7RY4Y9xDwhv0AkzvzM6n6fmyb4okXaIAb5kDvKvw==",
      "dependencies": [
        "@duckdb/node-bindings"
      ]
    },
    "@duckdb/node-bindings-darwin-arm64@1.2.0-alpha.13": {
      "integrity": "sha512-0zDKvycejRdxISCWYZmFHW9C28vwbPaXUbO/rpeSh33sx68JMbGmDhh9N1Dx1yq6KvaP5vQtFM9kDKgcLrV6Sg=="
    },
    "@duckdb/node-bindings-darwin-x64@1.2.0-alpha.13": {
      "integrity": "sha512-0BZgf0wCjkmizW2+QJnXDrQfHuPMr/5y4lGIp2XWX9lw9kea3WPdZd+o7TJq+P0g+b6zaWTxYm3kjhvtgvTSOA=="
    },
    "@duckdb/node-bindings-linux-arm64@1.2.0-alpha.13": {
      "integrity": "sha512-ZTPnGLwep9yzpkOJdLgGH8uIqGqo9VaoVRe47NHuzz6HRhnuV5UiRDJCGk9CJWBwVyB4PhUt5YFdeV1N6XDdyg=="
    },
    "@duckdb/node-bindings-linux-x64@1.2.0-alpha.13": {
      "integrity": "sha512-e048HU7yalzBq/V3rtirKDWYL29BA1VJD4ZXfSk6xiKwm/DAz/PKgACVE6uNT/whEK4hj/ZkHlioeB4wm4XA1w=="
    },
    "@duckdb/node-bindings-win32-x64@1.2.0-alpha.13": {
      "integrity": "sha512-jP6nNMSi86xcuwpMp1eUNFZ1PPKm7Jd1sTAfNJYf9dUckHyNmqlRlFDGlwM9XZ4dAhofOyhUhEmtYlgJcXU5Gg=="
    },
    "@duckdb/node-bindings@1.2.0-alpha.13": {
      "integrity": "sha512-reo1R3v/TDoi25VWNgeL40DIQiuU4NsLi4ILJaXY/DfKXIu+UDQm8mW5eC4M9PmTyosgdJvKXS00OcDpT2rqlg==",
      "dependencies": [
        "@duckdb/node-bindings-darwin-arm64",
        "@duckdb/node-bindings-darwin-x64",
        "@duckdb/node-bindings-linux-arm64",
        "@duckdb/node-bindings-linux-x64",
        "@duckdb/node-bindings-win32-x64"
      ]
    }
  },
  "workspace": {
    "dependencies": [
      "npm:@duckdb/node-api@^1.2.0-alpha.13"
    ]
  }
}
